
Microsoft Visual Studio Solution File, Format Version 12.00
# Visual Studio 15
Project("{FAE04EC0-301F-11D3-BF4B-00C04F79EFBC}") = "Assembly-CSharp", "Assembly-CSharp.csproj", "{FCA7CE5D-11FB-AA44-0260-7B4EDF71D305}"
EndProject
Project("{FAE04EC0-301F-11D3-BF4B-00C04F79EFBC}") = "Oculus.VR", "Oculus.VR.csproj", "{84765958-FFF7-214A-3419-E13510B3AA3D}"
EndProject
Project("{FAE04EC0-301F-11D3-BF4B-00C04F79EFBC}") = "Assembly-CSharp-Editor", "Assembly-CSharp-Editor.csproj", "{AE9968F1-A971-CD48-AA82-37EB29883028}"
EndProject
Project("{FAE04EC0-301F-11D3-BF4B-00C04F79EFBC}") = "Oculus.VR.Scripts.Editor", "Oculus.VR.Scripts.Editor.csproj", "{48BD1F57-B475-FD38-F709-24F592783432}"
EndProject
Project("{FAE04EC0-301F-11D3-BF4B-00C04F79EFBC}") = "Oculus.VR.Editor", "Oculus.VR.Editor.csproj", "{78F0B866-C752-DD4D-6C90-3BA0B77151A9}"
EndProject
Global
	GlobalSection(SolutionConfigurationPlatforms) = preSolution
		Debug|Any CPU = Debug|Any CPU
		Release|Any CPU = Release|Any CPU
	EndGlobalSection
	GlobalSection(ProjectConfigurationPlatforms) = postSolution
		{FCA7CE5D-11FB-AA44-0260-7B4EDF71D305}.Debug|Any CPU.ActiveCfg = Debug|Any CPU
		{FCA7CE5D-11FB-AA44-0260-7B4EDF71D305}.Debug|Any CPU.Build.0 = Debug|Any CPU
		{FCA7CE5D-11FB-AA44-0260-7B4EDF71D305}.Release|Any CPU.ActiveCfg = Release|Any CPU
		{FCA7CE5D-11FB-AA44-0260-7B4EDF71D305}.Release|Any CPU.Build.0 = Release|Any CPU
		{84765958-FFF7-214A-3419-E13510B3AA3D}.Debug|Any CPU.ActiveCfg = Debug|Any CPU
		{84765958-FFF7-214A-3419-E13510B3AA3D}.Debug|Any CPU.Build.0 = Debug|Any CPU
		{84765958-FFF7-214A-3419-E13510B3AA3D}.Release|Any CPU.ActiveCfg = Release|Any CPU
		{84765958-FFF7-214A-3419-E13510B3AA3D}.Release|Any CPU.Build.0 = Release|Any CPU
		{AE9968F1-A971-CD48-AA82-37EB29883028}.Debug|Any CPU.ActiveCfg = Debug|Any CPU
		{AE9968F1-A971-CD48-AA82-37EB29883028}.Debug|Any CPU.Build.0 = Debug|Any CPU
		{AE9968F1-A971-CD48-AA82-37EB29883028}.Release|Any CPU.ActiveCfg = Release|Any CPU
		{AE9968F1-A971-CD48-AA82-37EB29883028}.Release|Any CPU.Build.0 = Release|Any CPU
		{48BD1F57-B475-FD38-F709-24F592783432}.Debug|Any CPU.ActiveCfg = Debug|Any CPU
		{48BD1F57-B475-FD38-F709-24F592783432}.Debug|Any CPU.Build.0 = Debug|Any CPU
		{48BD1F57-B475-FD38-F709-24F592783432}.Release|Any CPU.ActiveCfg = Release|Any CPU
		{48BD1F57-B475-FD38-F709-24F592783432}.Release|Any CPU.Build.0 = Release|Any CPU
		{78F0B866-C752-DD4D-6C90-3BA0B77151A9}.Debug|Any CPU.ActiveCfg = Debug|Any CPU
		{78F0B866-C752-DD4D-6C90-3BA0B77151A9}.Debug|Any CPU.Build.0 = Debug|Any CPU
		{78F0B866-C752-DD4D-6C90-3BA0B77151A9}.Release|Any CPU.ActiveCfg = Release|Any CPU
		{78F0B866-C752-DD4D-6C90-3BA0B77151A9}.Release|Any CPU.Build.0 = Release|Any CPU
	EndGlobalSection
	GlobalSection(SolutionProperties) = preSolution
		HideSolutionNode = FALSE
	EndGlobalSection
EndGlobal
